
Microsoft Visual Studio Solution File, Format Version 12.00
# Visual Studio 15
Project("{FAE04EC0-301F-11D3-BF4B-00C04F79EFBC}") = "VRMShaders.VRM10.MToon10.Runtime", "VRMShaders.VRM10.MToon10.Runtime.csproj", "{22C76AC5-EA66-63F0-2BD4-B7D3AC2399C8}"
EndProject
Project("{FAE04EC0-301F-11D3-BF4B-00C04F79EFBC}") = "UniHumanoid", "UniHumanoid.csproj", "{3F487B74-2C3C-325E-3AB7-FAA2D18E1B56}"
EndProject
Project("{FAE04EC0-301F-11D3-BF4B-00C04F79EFBC}") = "Assembly-CSharp", "Assembly-CSharp.csproj", "{0D4E2CA1-4214-316C-11D5-C9AF58C1EF87}"
EndProject
Project("{FAE04EC0-301F-11D3-BF4B-00C04F79EFBC}") = "VRMShaders.GLTF.IO.Runtime", "VRMShaders.GLTF.IO.Runtime.csproj", "{23DE3305-AF12-58B3-C791-12B25B8EC391}"
EndProject
Project("{FAE04EC0-301F-11D3-BF4B-00C04F79EFBC}") = "Assembly-CSharp-firstpass", "Assembly-CSharp-firstpass.csproj", "{D83D79E1-4F7C-555A-D071-04D9480ACF05}"
EndProject
Project("{FAE04EC0-301F-11D3-BF4B-00C04F79EFBC}") = "SteamVR", "SteamVR.csproj", "{3284EDE3-03A6-ED47-8AAA-20B47444D74D}"
EndProject
Project("{FAE04EC0-301F-11D3-BF4B-00C04F79EFBC}") = "UniGLTF", "UniGLTF.csproj", "{3BABC2F0-BEDB-3B14-1AED-CA17E2B43EA7}"
EndProject
Project("{FAE04EC0-301F-11D3-BF4B-00C04F79EFBC}") = "uDesktopDuplication.Runtime", "uDesktopDuplication.Runtime.csproj", "{AEE14EC0-B53E-D889-092C-1018ADBA1220}"
EndProject
Project("{FAE04EC0-301F-11D3-BF4B-00C04F79EFBC}") = "SteamVR_Editor", "SteamVR_Editor.csproj", "{70915B9B-D12E-F6AB-EFFF-77D32CEC5500}"
EndProject
Project("{FAE04EC0-301F-11D3-BF4B-00C04F79EFBC}") = "SteamVR_Input_Editor", "SteamVR_Input_Editor.csproj", "{1DF2E51D-0505-A9FC-D163-FCBC5B76E520}"
EndProject
Project("{FAE04EC0-301F-11D3-BF4B-00C04F79EFBC}") = "VRM", "VRM.csproj", "{8DB444E8-C80F-5028-627E-8175DBFFD65D}"
EndProject
Project("{FAE04EC0-301F-11D3-BF4B-00C04F79EFBC}") = "FastSpringBone", "FastSpringBone.csproj", "{6C626C48-AB1C-DD9C-3E14-BD26DDDD1386}"
EndProject
Project("{FAE04EC0-301F-11D3-BF4B-00C04F79EFBC}") = "VRMShaders.GLTF.UniUnlit.Editor", "VRMShaders.GLTF.UniUnlit.Editor.csproj", "{A01AAE41-C874-86D8-7571-CD122E6EE14B}"
EndProject
Project("{FAE04EC0-301F-11D3-BF4B-00C04F79EFBC}") = "Assembly-CSharp-Editor-firstpass", "Assembly-CSharp-Editor-firstpass.csproj", "{973EBB8C-E730-2D92-D412-CE465B71D42F}"
EndProject
Project("{FAE04EC0-301F-11D3-BF4B-00C04F79EFBC}") = "UniGLTF.Tests", "UniGLTF.Tests.csproj", "{9EDB32EC-3DB3-ED78-79EE-83D9737460EF}"
EndProject
Project("{FAE04EC0-301F-11D3-BF4B-00C04F79EFBC}") = "UniGLTF.Editor", "UniGLTF.Editor.csproj", "{87D18799-18F4-12E6-4485-86A1C9A81E2C}"
EndProject
Project("{FAE04EC0-301F-11D3-BF4B-00C04F79EFBC}") = "VRMShaders.GLTF.IO.Editor", "VRMShaders.GLTF.IO.Editor.csproj", "{203BB7BA-B3AF-1C91-DC74-48014A512564}"
EndProject
Project("{FAE04EC0-301F-11D3-BF4B-00C04F79EFBC}") = "UniVRM.Editor", "UniVRM.Editor.csproj", "{40D0C208-619D-E92E-4D16-BE81B6AC5E35}"
EndProject
Project("{FAE04EC0-301F-11D3-BF4B-00C04F79EFBC}") = "VRMShaders.GLTF.IO.Tests", "VRMShaders.GLTF.IO.Tests.csproj", "{E5D8A8B8-9683-BBAC-8E82-5E63DD9EE523}"
EndProject
Project("{FAE04EC0-301F-11D3-BF4B-00C04F79EFBC}") = "VRM.Tests", "VRM.Tests.csproj", "{79D6F033-CAA0-32E8-7D99-F08D69E52CFB}"
EndProject
Project("{FAE04EC0-301F-11D3-BF4B-00C04F79EFBC}") = "Assembly-CSharp-Editor", "Assembly-CSharp-Editor.csproj", "{71C26ED1-DB5C-1D31-1EAC-6C85720DC3C7}"
EndProject
Project("{FAE04EC0-301F-11D3-BF4B-00C04F79EFBC}") = "UniHumanoid.Editor", "UniHumanoid.Editor.csproj", "{468ACA4F-B79B-9C0A-E944-81090DD7A7D9}"
EndProject
Project("{FAE04EC0-301F-11D3-BF4B-00C04F79EFBC}") = "MToon", "MToon.csproj", "{380D3401-E16F-5A57-36D5-DC3E55CE245F}"
EndProject
Project("{FAE04EC0-301F-11D3-BF4B-00C04F79EFBC}") = "SteamVR_Actions", "SteamVR_Actions.csproj", "{72589D15-9E42-B072-6E47-2FF96599A635}"
EndProject
Project("{FAE04EC0-301F-11D3-BF4B-00C04F79EFBC}") = "VRM.Samples.Editor.Tests", "VRM.Samples.Editor.Tests.csproj", "{0DD281F5-1778-92CF-38E3-F3916EAEC334}"
EndProject
Project("{FAE04EC0-301F-11D3-BF4B-00C04F79EFBC}") = "MToon.Editor", "MToon.Editor.csproj", "{7CF24F55-C081-BFC0-2A9E-80E75BBDF415}"
EndProject
Project("{FAE04EC0-301F-11D3-BF4B-00C04F79EFBC}") = "VRMShaders.VRM10.MToon10.Editor", "VRMShaders.VRM10.MToon10.Editor.csproj", "{93A7C9B7-8A55-453F-9C2A-96F95CED5ABC}"
EndProject
Project("{FAE04EC0-301F-11D3-BF4B-00C04F79EFBC}") = "UniHumanoid.Editor.Tests", "UniHumanoid.Editor.Tests.csproj", "{1DEBF21C-6397-382B-06FD-BA1EC348CB33}"
EndProject
Project("{FAE04EC0-301F-11D3-BF4B-00C04F79EFBC}") = "UniGLTF.Utils", "UniGLTF.Utils.csproj", "{C4A8AE94-0411-C8FC-4D81-686A2B82485B}"
EndProject
Project("{FAE04EC0-301F-11D3-BF4B-00C04F79EFBC}") = "VRMShaders.VRM.IO.Runtime", "VRMShaders.VRM.IO.Runtime.csproj", "{F63D0D14-273E-4C13-A923-A7882EAB66DC}"
EndProject
Project("{FAE04EC0-301F-11D3-BF4B-00C04F79EFBC}") = "VRMShaders.VRM10.Format.Runtime", "VRMShaders.VRM10.Format.Runtime.csproj", "{DD3A0934-B2AC-C0CF-F719-E30205032E2B}"
EndProject
Project("{FAE04EC0-301F-11D3-BF4B-00C04F79EFBC}") = "VRMShaders.VRM10.MToon10.Tests", "VRMShaders.VRM10.MToon10.Tests.csproj", "{35DBD679-A82A-D286-2420-DFBD806F63C5}"
EndProject
Project("{FAE04EC0-301F-11D3-BF4B-00C04F79EFBC}") = "SteamVR_Windows_EditorHelper", "SteamVR_Windows_EditorHelper.csproj", "{3015C02D-286E-0B87-E49C-125D640298C0}"
EndProject
Project("{FAE04EC0-301F-11D3-BF4B-00C04F79EFBC}") = "VRMShaders.GLTF.UniUnlit.Runtime", "VRMShaders.GLTF.UniUnlit.Runtime.csproj", "{904964A3-14B7-3989-53C8-826C40BD39F8}"
EndProject
Project("{FAE04EC0-301F-11D3-BF4B-00C04F79EFBC}") = "SimpleJSON", "SimpleJSON.csproj", "{49D9E91B-1E02-71A6-83B5-D439C48E7339}"
EndProject
Project("{FAE04EC0-301F-11D3-BF4B-00C04F79EFBC}") = "uDesktopDuplication.Editor", "uDesktopDuplication.Editor.csproj", "{1DF44A63-578B-7705-B5E3-CFF28D2842F3}"
EndProject
Global
	GlobalSection(SolutionConfigurationPlatforms) = preSolution
		Debug|Any CPU = Debug|Any CPU
		Release|Any CPU = Release|Any CPU
	EndGlobalSection
	GlobalSection(ProjectConfigurationPlatforms) = postSolution
		{22C76AC5-EA66-63F0-2BD4-B7D3AC2399C8}.Debug|Any CPU.ActiveCfg = Debug|Any CPU
		{22C76AC5-EA66-63F0-2BD4-B7D3AC2399C8}.Debug|Any CPU.Build.0 = Debug|Any CPU
		{22C76AC5-EA66-63F0-2BD4-B7D3AC2399C8}.Release|Any CPU.ActiveCfg = Release|Any CPU
		{22C76AC5-EA66-63F0-2BD4-B7D3AC2399C8}.Release|Any CPU.Build.0 = Release|Any CPU
		{3F487B74-2C3C-325E-3AB7-FAA2D18E1B56}.Debug|Any CPU.ActiveCfg = Debug|Any CPU
		{3F487B74-2C3C-325E-3AB7-FAA2D18E1B56}.Debug|Any CPU.Build.0 = Debug|Any CPU
		{3F487B74-2C3C-325E-3AB7-FAA2D18E1B56}.Release|Any CPU.ActiveCfg = Release|Any CPU
		{3F487B74-2C3C-325E-3AB7-FAA2D18E1B56}.Release|Any CPU.Build.0 = Release|Any CPU
		{0D4E2CA1-4214-316C-11D5-C9AF58C1EF87}.Debug|Any CPU.ActiveCfg = Debug|Any CPU
		{0D4E2CA1-4214-316C-11D5-C9AF58C1EF87}.Debug|Any CPU.Build.0 = Debug|Any CPU
		{0D4E2CA1-4214-316C-11D5-C9AF58C1EF87}.Release|Any CPU.ActiveCfg = Release|Any CPU
		{0D4E2CA1-4214-316C-11D5-C9AF58C1EF87}.Release|Any CPU.Build.0 = Release|Any CPU
		{23DE3305-AF12-58B3-C791-12B25B8EC391}.Debug|Any CPU.ActiveCfg = Debug|Any CPU
		{23DE3305-AF12-58B3-C791-12B25B8EC391}.Debug|Any CPU.Build.0 = Debug|Any CPU
		{23DE3305-AF12-58B3-C791-12B25B8EC391}.Release|Any CPU.ActiveCfg = Release|Any CPU
		{23DE3305-AF12-58B3-C791-12B25B8EC391}.Release|Any CPU.Build.0 = Release|Any CPU
		{D83D79E1-4F7C-555A-D071-04D9480ACF05}.Debug|Any CPU.ActiveCfg = Debug|Any CPU
		{D83D79E1-4F7C-555A-D071-04D9480ACF05}.Debug|Any CPU.Build.0 = Debug|Any CPU
		{D83D79E1-4F7C-555A-D071-04D9480ACF05}.Release|Any CPU.ActiveCfg = Release|Any CPU
		{D83D79E1-4F7C-555A-D071-04D9480ACF05}.Release|Any CPU.Build.0 = Release|Any CPU
		{3284EDE3-03A6-ED47-8AAA-20B47444D74D}.Debug|Any CPU.ActiveCfg = Debug|Any CPU
		{3284EDE3-03A6-ED47-8AAA-20B47444D74D}.Debug|Any CPU.Build.0 = Debug|Any CPU
		{3284EDE3-03A6-ED47-8AAA-20B47444D74D}.Release|Any CPU.ActiveCfg = Release|Any CPU
		{3284EDE3-03A6-ED47-8AAA-20B47444D74D}.Release|Any CPU.Build.0 = Release|Any CPU
		{3BABC2F0-BEDB-3B14-1AED-CA17E2B43EA7}.Debug|Any CPU.ActiveCfg = Debug|Any CPU
		{3BABC2F0-BEDB-3B14-1AED-CA17E2B43EA7}.Debug|Any CPU.Build.0 = Debug|Any CPU
		{3BABC2F0-BEDB-3B14-1AED-CA17E2B43EA7}.Release|Any CPU.ActiveCfg = Release|Any CPU
		{3BABC2F0-BEDB-3B14-1AED-CA17E2B43EA7}.Release|Any CPU.Build.0 = Release|Any CPU
		{AEE14EC0-B53E-D889-092C-1018ADBA1220}.Debug|Any CPU.ActiveCfg = Debug|Any CPU
		{AEE14EC0-B53E-D889-092C-1018ADBA1220}.Debug|Any CPU.Build.0 = Debug|Any CPU
		{AEE14EC0-B53E-D889-092C-1018ADBA1220}.Release|Any CPU.ActiveCfg = Release|Any CPU
		{AEE14EC0-B53E-D889-092C-1018ADBA1220}.Release|Any CPU.Build.0 = Release|Any CPU
		{70915B9B-D12E-F6AB-EFFF-77D32CEC5500}.Debug|Any CPU.ActiveCfg = Debug|Any CPU
		{70915B9B-D12E-F6AB-EFFF-77D32CEC5500}.Debug|Any CPU.Build.0 = Debug|Any CPU
		{70915B9B-D12E-F6AB-EFFF-77D32CEC5500}.Release|Any CPU.ActiveCfg = Release|Any CPU
		{70915B9B-D12E-F6AB-EFFF-77D32CEC5500}.Release|Any CPU.Build.0 = Release|Any CPU
		{1DF2E51D-0505-A9FC-D163-FCBC5B76E520}.Debug|Any CPU.ActiveCfg = Debug|Any CPU
		{1DF2E51D-0505-A9FC-D163-FCBC5B76E520}.Debug|Any CPU.Build.0 = Debug|Any CPU
		{1DF2E51D-0505-A9FC-D163-FCBC5B76E520}.Release|Any CPU.ActiveCfg = Release|Any CPU
		{1DF2E51D-0505-A9FC-D163-FCBC5B76E520}.Release|Any CPU.Build.0 = Release|Any CPU
		{8DB444E8-C80F-5028-627E-8175DBFFD65D}.Debug|Any CPU.ActiveCfg = Debug|Any CPU
		{8DB444E8-C80F-5028-627E-8175DBFFD65D}.Debug|Any CPU.Build.0 = Debug|Any CPU
		{8DB444E8-C80F-5028-627E-8175DBFFD65D}.Release|Any CPU.ActiveCfg = Release|Any CPU
		{8DB444E8-C80F-5028-627E-8175DBFFD65D}.Release|Any CPU.Build.0 = Release|Any CPU
		{6C626C48-AB1C-DD9C-3E14-BD26DDDD1386}.Debug|Any CPU.ActiveCfg = Debug|Any CPU
		{6C626C48-AB1C-DD9C-3E14-BD26DDDD1386}.Debug|Any CPU.Build.0 = Debug|Any CPU
		{6C626C48-AB1C-DD9C-3E14-BD26DDDD1386}.Release|Any CPU.ActiveCfg = Release|Any CPU
		{6C626C48-AB1C-DD9C-3E14-BD26DDDD1386}.Release|Any CPU.Build.0 = Release|Any CPU
		{A01AAE41-C874-86D8-7571-CD122E6EE14B}.Debug|Any CPU.ActiveCfg = Debug|Any CPU
		{A01AAE41-C874-86D8-7571-CD122E6EE14B}.Debug|Any CPU.Build.0 = Debug|Any CPU
		{A01AAE41-C874-86D8-7571-CD122E6EE14B}.Release|Any CPU.ActiveCfg = Release|Any CPU
		{A01AAE41-C874-86D8-7571-CD122E6EE14B}.Release|Any CPU.Build.0 = Release|Any CPU
		{973EBB8C-E730-2D92-D412-CE465B71D42F}.Debug|Any CPU.ActiveCfg = Debug|Any CPU
		{973EBB8C-E730-2D92-D412-CE465B71D42F}.Debug|Any CPU.Build.0 = Debug|Any CPU
		{973EBB8C-E730-2D92-D412-CE465B71D42F}.Release|Any CPU.ActiveCfg = Release|Any CPU
		{973EBB8C-E730-2D92-D412-CE465B71D42F}.Release|Any CPU.Build.0 = Release|Any CPU
		{9EDB32EC-3DB3-ED78-79EE-83D9737460EF}.Debug|Any CPU.ActiveCfg = Debug|Any CPU
		{9EDB32EC-3DB3-ED78-79EE-83D9737460EF}.Debug|Any CPU.Build.0 = Debug|Any CPU
		{9EDB32EC-3DB3-ED78-79EE-83D9737460EF}.Release|Any CPU.ActiveCfg = Release|Any CPU
		{9EDB32EC-3DB3-ED78-79EE-83D9737460EF}.Release|Any CPU.Build.0 = Release|Any CPU
		{87D18799-18F4-12E6-4485-86A1C9A81E2C}.Debug|Any CPU.ActiveCfg = Debug|Any CPU
		{87D18799-18F4-12E6-4485-86A1C9A81E2C}.Debug|Any CPU.Build.0 = Debug|Any CPU
		{87D18799-18F4-12E6-4485-86A1C9A81E2C}.Release|Any CPU.ActiveCfg = Release|Any CPU
		{87D18799-18F4-12E6-4485-86A1C9A81E2C}.Release|Any CPU.Build.0 = Release|Any CPU
		{203BB7BA-B3AF-1C91-DC74-48014A512564}.Debug|Any CPU.ActiveCfg = Debug|Any CPU
		{203BB7BA-B3AF-1C91-DC74-48014A512564}.Debug|Any CPU.Build.0 = Debug|Any CPU
		{203BB7BA-B3AF-1C91-DC74-48014A512564}.Release|Any CPU.ActiveCfg = Release|Any CPU
		{203BB7BA-B3AF-1C91-DC74-48014A512564}.Release|Any CPU.Build.0 = Release|Any CPU
		{40D0C208-619D-E92E-4D16-BE81B6AC5E35}.Debug|Any CPU.ActiveCfg = Debug|Any CPU
		{40D0C208-619D-E92E-4D16-BE81B6AC5E35}.Debug|Any CPU.Build.0 = Debug|Any CPU
		{40D0C208-619D-E92E-4D16-BE81B6AC5E35}.Release|Any CPU.ActiveCfg = Release|Any CPU
		{40D0C208-619D-E92E-4D16-BE81B6AC5E35}.Release|Any CPU.Build.0 = Release|Any CPU
		{E5D8A8B8-9683-BBAC-8E82-5E63DD9EE523}.Debug|Any CPU.ActiveCfg = Debug|Any CPU
		{E5D8A8B8-9683-BBAC-8E82-5E63DD9EE523}.Debug|Any CPU.Build.0 = Debug|Any CPU
		{E5D8A8B8-9683-BBAC-8E82-5E63DD9EE523}.Release|Any CPU.ActiveCfg = Release|Any CPU
		{E5D8A8B8-9683-BBAC-8E82-5E63DD9EE523}.Release|Any CPU.Build.0 = Release|Any CPU
		{79D6F033-CAA0-32E8-7D99-F08D69E52CFB}.Debug|Any CPU.ActiveCfg = Debug|Any CPU
		{79D6F033-CAA0-32E8-7D99-F08D69E52CFB}.Debug|Any CPU.Build.0 = Debug|Any CPU
		{79D6F033-CAA0-32E8-7D99-F08D69E52CFB}.Release|Any CPU.ActiveCfg = Release|Any CPU
		{79D6F033-CAA0-32E8-7D99-F08D69E52CFB}.Release|Any CPU.Build.0 = Release|Any CPU
		{71C26ED1-DB5C-1D31-1EAC-6C85720DC3C7}.Debug|Any CPU.ActiveCfg = Debug|Any CPU
		{71C26ED1-DB5C-1D31-1EAC-6C85720DC3C7}.Debug|Any CPU.Build.0 = Debug|Any CPU
		{71C26ED1-DB5C-1D31-1EAC-6C85720DC3C7}.Release|Any CPU.ActiveCfg = Release|Any CPU
		{71C26ED1-DB5C-1D31-1EAC-6C85720DC3C7}.Release|Any CPU.Build.0 = Release|Any CPU
		{468ACA4F-B79B-9C0A-E944-81090DD7A7D9}.Debug|Any CPU.ActiveCfg = Debug|Any CPU
		{468ACA4F-B79B-9C0A-E944-81090DD7A7D9}.Debug|Any CPU.Build.0 = Debug|Any CPU
		{468ACA4F-B79B-9C0A-E944-81090DD7A7D9}.Release|Any CPU.ActiveCfg = Release|Any CPU
		{468ACA4F-B79B-9C0A-E944-81090DD7A7D9}.Release|Any CPU.Build.0 = Release|Any CPU
		{380D3401-E16F-5A57-36D5-DC3E55CE245F}.Debug|Any CPU.ActiveCfg = Debug|Any CPU
		{380D3401-E16F-5A57-36D5-DC3E55CE245F}.Debug|Any CPU.Build.0 = Debug|Any CPU
		{380D3401-E16F-5A57-36D5-DC3E55CE245F}.Release|Any CPU.ActiveCfg = Release|Any CPU
		{380D3401-E16F-5A57-36D5-DC3E55CE245F}.Release|Any CPU.Build.0 = Release|Any CPU
		{72589D15-9E42-B072-6E47-2FF96599A635}.Debug|Any CPU.ActiveCfg = Debug|Any CPU
		{72589D15-9E42-B072-6E47-2FF96599A635}.Debug|Any CPU.Build.0 = Debug|Any CPU
		{72589D15-9E42-B072-6E47-2FF96599A635}.Release|Any CPU.ActiveCfg = Release|Any CPU
		{72589D15-9E42-B072-6E47-2FF96599A635}.Release|Any CPU.Build.0 = Release|Any CPU
		{0DD281F5-1778-92CF-38E3-F3916EAEC334}.Debug|Any CPU.ActiveCfg = Debug|Any CPU
		{0DD281F5-1778-92CF-38E3-F3916EAEC334}.Debug|Any CPU.Build.0 = Debug|Any CPU
		{0DD281F5-1778-92CF-38E3-F3916EAEC334}.Release|Any CPU.ActiveCfg = Release|Any CPU
		{0DD281F5-1778-92CF-38E3-F3916EAEC334}.Release|Any CPU.Build.0 = Release|Any CPU
		{7CF24F55-C081-BFC0-2A9E-80E75BBDF415}.Debug|Any CPU.ActiveCfg = Debug|Any CPU
		{7CF24F55-C081-BFC0-2A9E-80E75BBDF415}.Debug|Any CPU.Build.0 = Debug|Any CPU
		{7CF24F55-C081-BFC0-2A9E-80E75BBDF415}.Release|Any CPU.ActiveCfg = Release|Any CPU
		{7CF24F55-C081-BFC0-2A9E-80E75BBDF415}.Release|Any CPU.Build.0 = Release|Any CPU
		{93A7C9B7-8A55-453F-9C2A-96F95CED5ABC}.Debug|Any CPU.ActiveCfg = Debug|Any CPU
		{93A7C9B7-8A55-453F-9C2A-96F95CED5ABC}.Debug|Any CPU.Build.0 = Debug|Any CPU
		{93A7C9B7-8A55-453F-9C2A-96F95CED5ABC}.Release|Any CPU.ActiveCfg = Release|Any CPU
		{93A7C9B7-8A55-453F-9C2A-96F95CED5ABC}.Release|Any CPU.Build.0 = Release|Any CPU
		{1DEBF21C-6397-382B-06FD-BA1EC348CB33}.Debug|Any CPU.ActiveCfg = Debug|Any CPU
		{1DEBF21C-6397-382B-06FD-BA1EC348CB33}.Debug|Any CPU.Build.0 = Debug|Any CPU
		{1DEBF21C-6397-382B-06FD-BA1EC348CB33}.Release|Any CPU.ActiveCfg = Release|Any CPU
		{1DEBF21C-6397-382B-06FD-BA1EC348CB33}.Release|Any CPU.Build.0 = Release|Any CPU
		{C4A8AE94-0411-C8FC-4D81-686A2B82485B}.Debug|Any CPU.ActiveCfg = Debug|Any CPU
		{C4A8AE94-0411-C8FC-4D81-686A2B82485B}.Debug|Any CPU.Build.0 = Debug|Any CPU
		{C4A8AE94-0411-C8FC-4D81-686A2B82485B}.Release|Any CPU.ActiveCfg = Release|Any CPU
		{C4A8AE94-0411-C8FC-4D81-686A2B82485B}.Release|Any CPU.Build.0 = Release|Any CPU
		{F63D0D14-273E-4C13-A923-A7882EAB66DC}.Debug|Any CPU.ActiveCfg = Debug|Any CPU
		{F63D0D14-273E-4C13-A923-A7882EAB66DC}.Debug|Any CPU.Build.0 = Debug|Any CPU
		{F63D0D14-273E-4C13-A923-A7882EAB66DC}.Release|Any CPU.ActiveCfg = Release|Any CPU
		{F63D0D14-273E-4C13-A923-A7882EAB66DC}.Release|Any CPU.Build.0 = Release|Any CPU
		{DD3A0934-B2AC-C0CF-F719-E30205032E2B}.Debug|Any CPU.ActiveCfg = Debug|Any CPU
		{DD3A0934-B2AC-C0CF-F719-E30205032E2B}.Debug|Any CPU.Build.0 = Debug|Any CPU
		{DD3A0934-B2AC-C0CF-F719-E30205032E2B}.Release|Any CPU.ActiveCfg = Release|Any CPU
		{DD3A0934-B2AC-C0CF-F719-E30205032E2B}.Release|Any CPU.Build.0 = Release|Any CPU
		{35DBD679-A82A-D286-2420-DFBD806F63C5}.Debug|Any CPU.ActiveCfg = Debug|Any CPU
		{35DBD679-A82A-D286-2420-DFBD806F63C5}.Debug|Any CPU.Build.0 = Debug|Any CPU
		{35DBD679-A82A-D286-2420-DFBD806F63C5}.Release|Any CPU.ActiveCfg = Release|Any CPU
		{35DBD679-A82A-D286-2420-DFBD806F63C5}.Release|Any CPU.Build.0 = Release|Any CPU
		{3015C02D-286E-0B87-E49C-125D640298C0}.Debug|Any CPU.ActiveCfg = Debug|Any CPU
		{3015C02D-286E-0B87-E49C-125D640298C0}.Debug|Any CPU.Build.0 = Debug|Any CPU
		{3015C02D-286E-0B87-E49C-125D640298C0}.Release|Any CPU.ActiveCfg = Release|Any CPU
		{3015C02D-286E-0B87-E49C-125D640298C0}.Release|Any CPU.Build.0 = Release|Any CPU
		{904964A3-14B7-3989-53C8-826C40BD39F8}.Debug|Any CPU.ActiveCfg = Debug|Any CPU
		{904964A3-14B7-3989-53C8-826C40BD39F8}.Debug|Any CPU.Build.0 = Debug|Any CPU
		{904964A3-14B7-3989-53C8-826C40BD39F8}.Release|Any CPU.ActiveCfg = Release|Any CPU
		{904964A3-14B7-3989-53C8-826C40BD39F8}.Release|Any CPU.Build.0 = Release|Any CPU
		{49D9E91B-1E02-71A6-83B5-D439C48E7339}.Debug|Any CPU.ActiveCfg = Debug|Any CPU
		{49D9E91B-1E02-71A6-83B5-D439C48E7339}.Debug|Any CPU.Build.0 = Debug|Any CPU
		{49D9E91B-1E02-71A6-83B5-D439C48E7339}.Release|Any CPU.ActiveCfg = Release|Any CPU
		{49D9E91B-1E02-71A6-83B5-D439C48E7339}.Release|Any CPU.Build.0 = Release|Any CPU
		{1DF44A63-578B-7705-B5E3-CFF28D2842F3}.Debug|Any CPU.ActiveCfg = Debug|Any CPU
		{1DF44A63-578B-7705-B5E3-CFF28D2842F3}.Debug|Any CPU.Build.0 = Debug|Any CPU
		{1DF44A63-578B-7705-B5E3-CFF28D2842F3}.Release|Any CPU.ActiveCfg = Release|Any CPU
		{1DF44A63-578B-7705-B5E3-CFF28D2842F3}.Release|Any CPU.Build.0 = Release|Any CPU
	EndGlobalSection
	GlobalSection(SolutionProperties) = preSolution
		HideSolutionNode = FALSE
	EndGlobalSection
EndGlobal
